
Microsoft Visual Studio Solution File, Format Version 12.00
# Visual Studio Version 16
VisualStudioVersion = 16.0.30523.141
MinimumVisualStudioVersion = 10.0.40219.1
Project("{FAE04EC0-301F-11D3-BF4B-00C04F79EFBC}") = "Mice", "Mice\Mice.csproj", "{28D1B83C-8E07-4876-B127-EFAD7A4F01EA}"
EndProject
Global
	GlobalSection(SolutionConfigurationPlatforms) = preSolution
		Debug|Any CPU = Debug|Any CPU
		Release|Any CPU = Release|Any CPU
	EndGlobalSection
	GlobalSection(ProjectConfigurationPlatforms) = postSolution
		{28D1B83C-8E07-4876-B127-EFAD7A4F01EA}.Debug|Any CPU.ActiveCfg = Debug|Any CPU
		{28D1B83C-8E07-4876-B127-EFAD7A4F01EA}.Debug|Any CPU.Build.0 = Debug|Any CPU
		{28D1B83C-8E07-4876-B127-EFAD7A4F01EA}.Release|Any CPU.ActiveCfg = Release|Any CPU
		{28D1B83C-8E07-4876-B127-EFAD7A4F01EA}.Release|Any CPU.Build.0 = Release|Any CPU
	EndGlobalSection
	GlobalSection(SolutionProperties) = preSolution
		HideSolutionNode = FALSE
	EndGlobalSection
	GlobalSection(ExtensibilityGlobals) = postSolution
		SolutionGuid = {35763037-A8F2-46F3-B06E-BF5BB1F86AFE}
	EndGlobalSection
EndGlobal
